
Microsoft Visual Studio Solution File, Format Version 12.00
# Visual Studio Version 17
VisualStudioVersion = 17.4.33205.214
MinimumVisualStudioVersion = 10.0.40219.1
Project("{FAE04EC0-301F-11D3-BF4B-00C04F79EFBC}") = "OdiumDev", "OdiumDev\OdiumDev.csproj", "{217AA04C-565F-43C9-8728-7E50DB292C4A}"
EndProject
Global
	GlobalSection(SolutionConfigurationPlatforms) = preSolution
		Debug|Any CPU = Debug|Any CPU
		Release|Any CPU = Release|Any CPU
	EndGlobalSection
	GlobalSection(ProjectConfigurationPlatforms) = postSolution
		{217AA04C-565F-43C9-8728-7E50DB292C4A}.Debug|Any CPU.ActiveCfg = Debug|Any CPU
		{217AA04C-565F-43C9-8728-7E50DB292C4A}.Debug|Any CPU.Build.0 = Debug|Any CPU
		{217AA04C-565F-43C9-8728-7E50DB292C4A}.Release|Any CPU.ActiveCfg = Release|Any CPU
		{217AA04C-565F-43C9-8728-7E50DB292C4A}.Release|Any CPU.Build.0 = Release|Any CPU
	EndGlobalSection
	GlobalSection(SolutionProperties) = preSolution
		HideSolutionNode = FALSE
	EndGlobalSection
	GlobalSection(ExtensibilityGlobals) = postSolution
		SolutionGuid = {01F32C90-BFCF-416B-B60D-04D76F1D32F1}
	EndGlobalSection
EndGlobal
